Microsoft Visual Studio Solution File, Format Version 12.00
# Visual Studio Version 17
VisualStudioVersion = 17.0.31903.59
MinimumVisualStudioVersion = 10.0.40219.1
Project("{FAE04EC0-301F-11D3-BF4B-00C04F79EFBC}") = "FlagstoneUI.Core", "src\FlagstoneUI.Core\FlagstoneUI.Core.csproj", "{D6E3A870-3B74-4E2C-9A62-8FC38D1A7543}"
EndProject
Project("{FAE04EC0-301F-11D3-BF4B-00C04F79EFBC}") = "FlagstoneUI.Themes.Material", "src\FlagstoneUI.Themes.Material\FlagstoneUI.Themes.Material.csproj", "{53B88A2A-1BEE-4E46-8CE9-4C2F0EB21B09}"
EndProject
Project("{FAE04EC0-301F-11D3-BF4B-00C04F79EFBC}") = "FlagstoneUI.Themes.Modern", "src\FlagstoneUI.Themes.Modern\FlagstoneUI.Themes.Modern.csproj", "{E0E3F3F3-7D5C-4F1A-9E82-BE27FE1D7A5C}"
EndProject
Project("{FAE04EC0-301F-11D3-BF4B-00C04F79EFBC}") = "FlagstoneUI.Blocks", "src\FlagstoneUI.Blocks\FlagstoneUI.Blocks.csproj", "{A2F7C2D1-5E9B-4E4E-8A42-7B7D49B37C5C}"
EndProject
Project("{FAE04EC0-301F-11D3-BF4B-00C04F79EFBC}") = "FlagstoneUI.Core.Tests", "tests\FlagstoneUI.Core.Tests\FlagstoneUI.Core.Tests.csproj", "{94D3E149-1E2D-4B34-BF74-22A91F842F79}"
EndProject
Project("{FAE04EC0-301F-11D3-BF4B-00C04F79EFBC}") = "FlagstoneUI.Themes.Material.Tests", "tests\FlagstoneUI.Themes.Material.Tests\FlagstoneUI.Themes.Material.Tests.csproj", "{12D0D6BC-510E-4B8B-A2C8-03EBE392FEA2}"
EndProject
Project("{FAE04EC0-301F-11D3-BF4B-00C04F79EFBC}") = "FlagstoneUI.Blocks.Tests", "tests\FlagstoneUI.Blocks.Tests\FlagstoneUI.Blocks.Tests.csproj", "{2A8C4C1E-4E1F-49D1-BB9C-940A6C89F745}"
EndProject
Project("{FAE04EC0-301F-11D3-BF4B-00C04F79EFBC}") = "FlagstoneUI.SampleApp", "samples\FlagstoneUI.SampleApp\FlagstoneUI.SampleApp.csproj", "{8B2A1D12-7B3A-4C9B-8D86-82AFA6C24B9B}"
EndProject
Project("{FAE04EC0-301F-11D3-BF4B-00C04F79EFBC}") = "ThemePlayground", "samples\FlagstoneUI.ThemePlayground\ThemePlayground.csproj", "{6E0B2B91-0A4B-4B80-9D60-9C0ADAD4A0B7}"
EndProject
Project("{2150E333-8FDC-42A3-9474-1A3956D46DE8}") = "src", "src", "{02EA681E-C7D8-13C7-8484-4AC65E1B71E8}"
EndProject
Project("{2150E333-8FDC-42A3-9474-1A3956D46DE8}") = "tests", "tests", "{ED6444F2-0B31-489F-996B-9F163B26485E}"
EndProject
Project("{2150E333-8FDC-42A3-9474-1A3956D46DE8}") = "samples", "samples", "{6570EA1F-5BFF-483B-B472-4BBC8D042A6F}"
EndProject
Global
	GlobalSection(SolutionConfigurationPlatforms) = preSolution
		Debug|Any CPU = Debug|Any CPU
		Release|Any CPU = Release|Any CPU
	EndGlobalSection
	GlobalSection(ProjectConfigurationPlatforms) = postSolution
		{D6E3A870-3B74-4E2C-9A62-8FC38D1A7543}.Debug|Any CPU.ActiveCfg = Debug|Any CPU
		{D6E3A870-3B74-4E2C-9A62-8FC38D1A7543}.Debug|Any CPU.Build.0 = Debug|Any CPU
		{D6E3A870-3B74-4E2C-9A62-8FC38D1A7543}.Release|Any CPU.ActiveCfg = Release|Any CPU
		{D6E3A870-3B74-4E2C-9A62-8FC38D1A7543}.Release|Any CPU.Build.0 = Release|Any CPU
		{53B88A2A-1BEE-4E46-8CE9-4C2F0EB21B09}.Debug|Any CPU.ActiveCfg = Debug|Any CPU
		{53B88A2A-1BEE-4E46-8CE9-4C2F0EB21B09}.Debug|Any CPU.Build.0 = Debug|Any CPU
		{53B88A2A-1BEE-4E46-8CE9-4C2F0EB21B09}.Release|Any CPU.ActiveCfg = Release|Any CPU
		{53B88A2A-1BEE-4E46-8CE9-4C2F0EB21B09}.Release|Any CPU.Build.0 = Release|Any CPU
		{E0E3F3F3-7D5C-4F1A-9E82-BE27FE1D7A5C}.Debug|Any CPU.ActiveCfg = Debug|Any CPU
		{E0E3F3F3-7D5C-4F1A-9E82-BE27FE1D7A5C}.Debug|Any CPU.Build.0 = Debug|Any CPU
		{E0E3F3F3-7D5C-4F1A-9E82-BE27FE1D7A5C}.Release|Any CPU.ActiveCfg = Release|Any CPU
		{E0E3F3F3-7D5C-4F1A-9E82-BE27FE1D7A5C}.Release|Any CPU.Build.0 = Release|Any CPU
		{A2F7C2D1-5E9B-4E4E-8A42-7B7D49B37C5C}.Debug|Any CPU.ActiveCfg = Debug|Any CPU
		{A2F7C2D1-5E9B-4E4E-8A42-7B7D49B37C5C}.Debug|Any CPU.Build.0 = Debug|Any CPU
		{A2F7C2D1-5E9B-4E4E-8A42-7B7D49B37C5C}.Release|Any CPU.ActiveCfg = Release|Any CPU
		{A2F7C2D1-5E9B-4E4E-8A42-7B7D49B37C5C}.Release|Any CPU.Build.0 = Release|Any CPU
		{94D3E149-1E2D-4B34-BF74-22A91F842F79}.Debug|Any CPU.ActiveCfg = Debug|Any CPU
		{94D3E149-1E2D-4B34-BF74-22A91F842F79}.Debug|Any CPU.Build.0 = Debug|Any CPU
		{94D3E149-1E2D-4B34-BF74-22A91F842F79}.Debug|Any CPU.Deploy.0 = Debug|Any CPU
		{94D3E149-1E2D-4B34-BF74-22A91F842F79}.Release|Any CPU.ActiveCfg = Release|Any CPU
		{94D3E149-1E2D-4B34-BF74-22A91F842F79}.Release|Any CPU.Build.0 = Release|Any CPU
		{94D3E149-1E2D-4B34-BF74-22A91F842F79}.Release|Any CPU.Deploy.0 = Release|Any CPU
		{12D0D6BC-510E-4B8B-A2C8-03EBE392FEA2}.Debug|Any CPU.ActiveCfg = Debug|Any CPU
		{12D0D6BC-510E-4B8B-A2C8-03EBE392FEA2}.Debug|Any CPU.Build.0 = Debug|Any CPU
		{12D0D6BC-510E-4B8B-A2C8-03EBE392FEA2}.Debug|Any CPU.Deploy.0 = Debug|Any CPU
		{12D0D6BC-510E-4B8B-A2C8-03EBE392FEA2}.Release|Any CPU.ActiveCfg = Release|Any CPU
		{12D0D6BC-510E-4B8B-A2C8-03EBE392FEA2}.Release|Any CPU.Build.0 = Release|Any CPU
		{12D0D6BC-510E-4B8B-A2C8-03EBE392FEA2}.Release|Any CPU.Deploy.0 = Release|Any CPU
		{2A8C4C1E-4E1F-49D1-BB9C-940A6C89F745}.Debug|Any CPU.ActiveCfg = Debug|Any CPU
		{2A8C4C1E-4E1F-49D1-BB9C-940A6C89F745}.Debug|Any CPU.Build.0 = Debug|Any CPU
		{2A8C4C1E-4E1F-49D1-BB9C-940A6C89F745}.Debug|Any CPU.Deploy.0 = Debug|Any CPU
		{2A8C4C1E-4E1F-49D1-BB9C-940A6C89F745}.Release|Any CPU.ActiveCfg = Release|Any CPU
		{2A8C4C1E-4E1F-49D1-BB9C-940A6C89F745}.Release|Any CPU.Build.0 = Release|Any CPU
		{2A8C4C1E-4E1F-49D1-BB9C-940A6C89F745}.Release|Any CPU.Deploy.0 = Release|Any CPU
		{8B2A1D12-7B3A-4C9B-8D86-82AFA6C24B9B}.Debug|Any CPU.ActiveCfg = Debug|Any CPU
		{8B2A1D12-7B3A-4C9B-8D86-82AFA6C24B9B}.Debug|Any CPU.Build.0 = Debug|Any CPU
		{8B2A1D12-7B3A-4C9B-8D86-82AFA6C24B9B}.Release|Any CPU.ActiveCfg = Release|Any CPU
		{8B2A1D12-7B3A-4C9B-8D86-82AFA6C24B9B}.Release|Any CPU.Build.0 = Release|Any CPU
		{6E0B2B91-0A4B-4B80-9D60-9C0ADAD4A0B7}.Debug|Any CPU.ActiveCfg = Debug|Any CPU
		{6E0B2B91-0A4B-4B80-9D60-9C0ADAD4A0B7}.Debug|Any CPU.Build.0 = Debug|Any CPU
		{6E0B2B91-0A4B-4B80-9D60-9C0ADAD4A0B7}.Release|Any CPU.ActiveCfg = Release|Any CPU
		{6E0B2B91-0A4B-4B80-9D60-9C0ADAD4A0B7}.Release|Any CPU.Build.0 = Release|Any CPU
	EndGlobalSection
	GlobalSection(SolutionProperties) = preSolution
		HideSolutionNode = FALSE
	EndGlobalSection
	GlobalSection(NestedProjects) = preSolution
		{D6E3A870-3B74-4E2C-9A62-8FC38D1A7543} = {02EA681E-C7D8-13C7-8484-4AC65E1B71E8}
		{53B88A2A-1BEE-4E46-8CE9-4C2F0EB21B09} = {02EA681E-C7D8-13C7-8484-4AC65E1B71E8}
		{E0E3F3F3-7D5C-4F1A-9E82-BE27FE1D7A5C} = {02EA681E-C7D8-13C7-8484-4AC65E1B71E8}
		{A2F7C2D1-5E9B-4E4E-8A42-7B7D49B37C5C} = {02EA681E-C7D8-13C7-8484-4AC65E1B71E8}
		{94D3E149-1E2D-4B34-BF74-22A91F842F79} = {ED6444F2-0B31-489F-996B-9F163B26485E}
		{12D0D6BC-510E-4B8B-A2C8-03EBE392FEA2} = {ED6444F2-0B31-489F-996B-9F163B26485E}
		{2A8C4C1E-4E1F-49D1-BB9C-940A6C89F745} = {ED6444F2-0B31-489F-996B-9F163B26485E}
		{8B2A1D12-7B3A-4C9B-8D86-82AFA6C24B9B} = {6570EA1F-5BFF-483B-B472-4BBC8D042A6F}
		{6E0B2B91-0A4B-4B80-9D60-9C0ADAD4A0B7} = {6570EA1F-5BFF-483B-B472-4BBC8D042A6F}
	EndGlobalSection
EndGlobal
